{
  "requires": true,
  "lockfileVersion": 1,
  "dependencies": {
    "ansi-red": {
      "version": "https://registry.npmjs.org/ansi-red/-/ansi-red-0.1.1.tgz",
      "integrity": "sha1-jGOPnRCAgAo1PJwoyKgcpHBdlGw=",
      "requires": {
        "ansi-wrap": "https://registry.npmjs.org/ansi-wrap/-/ansi-wrap-0.1.0.tgz"
      }
    },
    "ansi-wrap": {
      "version": "https://registry.npmjs.org/ansi-wrap/-/ansi-wrap-0.1.0.tgz",
      "integrity": "sha1-qCJQ3bABXponyoLoLqYDu/pF768="
    },
    "argparse": {
      "version": "https://registry.npmjs.org/argparse/-/argparse-1.0.10.tgz",
      "integrity": "sha1-vNZ5HqWuCXJeF+WtmIE0zUCz2RE=",
      "requires": {
        "sprintf-js": "https://registry.npmjs.org/sprintf-js/-/sprintf-js-1.0.3.tgz"
      }
    },
    "arr-flatten": {
      "version": "1.1.0",
      "resolved": "https://registry.npmjs.org/arr-flatten/-/arr-flatten-1.1.0.tgz",
      "integrity": "sha512-L3hKV5R/p5o81R7O02IGnwpDmkp6E982XhtbuwSe3O4qOtMMMtodicASA1Cny2U+aCXcNpml+m4dPsvsJ3jatg=="
    },
    "arr-union": {
      "version": "3.1.0",
      "resolved": "https://registry.npmjs.org/arr-union/-/arr-union-3.1.0.tgz",
      "integrity": "sha1-45sJrqne+Gao8gbiiK9jkZuuOcQ="
    },
    "autolinker": {
      "version": "https://registry.npmjs.org/autolinker/-/autolinker-0.15.3.tgz",
      "integrity": "sha1-NCQX2PLzRhsUzwkIjV7fh5HcmDI="
    },
    "balanced-match": {
      "version": "1.0.0",
      "resolved": "https://registry.npmjs.org/balanced-match/-/balanced-match-1.0.0.tgz",
      "integrity": "sha1-ibTRmasr7kneFk6gK4nORi1xt2c="
    },
    "boolbase": {
      "version": "https://registry.npmjs.org/boolbase/-/boolbase-1.0.0.tgz",
      "integrity": "sha1-aN/1++YMUes3cl6p4+0xDcwed24="
    },
    "brace-expansion": {
      "version": "1.1.11",
      "resolved": "https://registry.npmjs.org/brace-expansion/-/brace-expansion-1.1.11.tgz",
      "integrity": "sha512-iCuPHDFgrHX7H2vEI/5xpz07zSHB00TpugqhmYtVmMO6518mCuRMoOYFldEBl0g187ufozdaHgWKcYFb61qGiA==",
      "requires": {
        "balanced-match": "1.0.0",
        "concat-map": "0.0.1"
      }
    },
    "buffer-from": {
      "version": "https://registry.npmjs.org/buffer-from/-/buffer-from-1.1.1.tgz",
      "integrity": "sha1-MnE7wCj3XAL9txDXx7zsHyxgcO8="
    },
    "cheerio": {
      "version": "https://registry.npmjs.org/cheerio/-/cheerio-0.22.0.tgz",
      "integrity": "sha1-qbqoYKP5tZWmuBsahocxIe06Jp4=",
      "requires": {
        "css-select": "https://registry.npmjs.org/css-select/-/css-select-1.2.0.tgz",
        "dom-serializer": "https://registry.npmjs.org/dom-serializer/-/dom-serializer-0.1.0.tgz",
        "entities": "https://registry.npmjs.org/entities/-/entities-1.1.2.tgz",
        "htmlparser2": "https://registry.npmjs.org/htmlparser2/-/htmlparser2-3.10.0.tgz",
        "lodash.assignin": "https://registry.npmjs.org/lodash.assignin/-/lodash.assignin-4.2.0.tgz",
        "lodash.bind": "https://registry.npmjs.org/lodash.bind/-/lodash.bind-4.2.1.tgz",
        "lodash.defaults": "https://registry.npmjs.org/lodash.defaults/-/lodash.defaults-4.2.0.tgz",
        "lodash.filter": "https://registry.npmjs.org/lodash.filter/-/lodash.filter-4.6.0.tgz",
        "lodash.flatten": "https://registry.npmjs.org/lodash.flatten/-/lodash.flatten-4.4.0.tgz",
        "lodash.foreach": "https://registry.npmjs.org/lodash.foreach/-/lodash.foreach-4.5.0.tgz",
        "lodash.map": "https://registry.npmjs.org/lodash.map/-/lodash.map-4.6.0.tgz",
        "lodash.merge": "https://registry.npmjs.org/lodash.merge/-/lodash.merge-4.6.1.tgz",
        "lodash.pick": "https://registry.npmjs.org/lodash.pick/-/lodash.pick-4.4.0.tgz",
        "lodash.reduce": "https://registry.npmjs.org/lodash.reduce/-/lodash.reduce-4.6.0.tgz",
        "lodash.reject": "https://registry.npmjs.org/lodash.reject/-/lodash.reject-4.6.0.tgz",
        "lodash.some": "https://registry.npmjs.org/lodash.some/-/lodash.some-4.6.0.tgz"
      }
    },
    "clipboard": {
      "version": "https://registry.npmjs.org/clipboard/-/clipboard-2.0.4.tgz",
      "integrity": "sha1-g22v1mzw/qXXHOXVsL9ulYAJES0=",
      "requires": {
        "good-listener": "https://registry.npmjs.org/good-listener/-/good-listener-1.2.2.tgz",
        "select": "https://registry.npmjs.org/select/-/select-1.1.2.tgz",
        "tiny-emitter": "https://registry.npmjs.org/tiny-emitter/-/tiny-emitter-2.0.2.tgz"
      }
    },
    "coffee-script": {
      "version": "https://registry.npmjs.org/coffee-script/-/coffee-script-1.12.7.tgz",
      "integrity": "sha1-wF2uDLeVkdBbMHCoQzqYyaiczFM="
    },
    "collapse-object": {
      "version": "0.1.0",
      "resolved": "https://registry.npmjs.org/collapse-object/-/collapse-object-0.1.0.tgz",
      "integrity": "sha1-XFP32jTkZOaXARzm9K7nO4iILBU=",
      "requires": {
        "expand-object": "0.3.8",
        "kind-of": "2.0.1",
        "regex-flags": "0.1.0"
      },
      "dependencies": {
        "kind-of": {
          "version": "2.0.1",
          "resolved": "https://registry.npmjs.org/kind-of/-/kind-of-2.0.1.tgz",
          "integrity": "sha1-AY7HpM5+OobLkUG+UZ0kyPqpgbU=",
          "requires": {
            "is-buffer": "https://registry.npmjs.org/is-buffer/-/is-buffer-1.1.6.tgz"
          }
        }
      }
    },
    "collection-visit": {
      "version": "0.1.1",
      "resolved": "https://registry.npmjs.org/collection-visit/-/collection-visit-0.1.1.tgz",
      "integrity": "sha1-6m+TfjQHSHJcKBB6Z0VU33WeBww=",
      "requires": {
        "map-visit": "0.1.5",
        "object-visit": "0.1.0"
      }
    },
    "command-exists": {
      "version": "1.2.8",
      "resolved": "https://registry.npmjs.org/command-exists/-/command-exists-1.2.8.tgz",
      "integrity": "sha512-PM54PkseWbiiD/mMsbvW351/u+dafwTJ0ye2qB60G1aGQP9j3xK2gmMDc+R34L3nDtx4qMCitXT75mkbkGJDLw=="
    },
    "component-emitter": {
      "version": "1.2.1",
      "resolved": "https://registry.npmjs.org/component-emitter/-/component-emitter-1.2.1.tgz",
      "integrity": "sha1-E3kY1teCg/ffemt8WmPhQOaUJeY="
    },
    "concat-map": {
      "version": "0.0.1",
      "resolved": "https://registry.npmjs.org/concat-map/-/concat-map-0.0.1.tgz",
      "integrity": "sha1-2Klr13/Wjfd5OnMDajug1UBdR3s="
    },
    "concat-stream": {
      "version": "https://registry.npmjs.org/concat-stream/-/concat-stream-1.6.2.tgz",
      "integrity": "sha1-kEvfGUzTEi/Gdcd/xKw9T/D9GjQ=",
      "requires": {
        "buffer-from": "https://registry.npmjs.org/buffer-from/-/buffer-from-1.1.1.tgz",
        "inherits": "https://registry.npmjs.org/inherits/-/inherits-2.0.3.tgz",
        "readable-stream": "https://registry.npmjs.org/readable-stream/-/readable-stream-2.3.6.tgz",
        "typedarray": "https://registry.npmjs.org/typedarray/-/typedarray-0.0.6.tgz"
      },
      "dependencies": {
        "readable-stream": {
          "version": "https://registry.npmjs.org/readable-stream/-/readable-stream-2.3.6.tgz",
          "integrity": "sha1-sRwn2IuP8fvgcGQ8+UsMea4bCq8=",
          "requires": {
            "core-util-is": "https://registry.npm.taobao.org/core-util-is/download/core-util-is-1.0.2.tgz",
            "inherits": "https://registry.npmjs.org/inherits/-/inherits-2.0.3.tgz",
            "isarray": "https://registry.npm.taobao.org/isarray/download/isarray-1.0.0.tgz",
            "process-nextick-args": "https://registry.npmjs.org/process-nextick-args/-/process-nextick-args-2.0.0.tgz",
            "safe-buffer": "https://registry.npmjs.org/safe-buffer/-/safe-buffer-5.1.2.tgz",
            "string_decoder": "https://registry.npmjs.org/string_decoder/-/string_decoder-1.1.1.tgz",
            "util-deprecate": "https://registry.npm.taobao.org/util-deprecate/download/util-deprecate-1.0.2.tgz"
          }
        },
        "string_decoder": {
          "version": "https://registry.npmjs.org/string_decoder/-/string_decoder-1.1.1.tgz",
          "integrity": "sha1-nPFhG6YmhdcDCunkujQUnDrwP8g=",
          "requires": {
            "safe-buffer": "https://registry.npmjs.org/safe-buffer/-/safe-buffer-5.1.2.tgz"
          }
        }
      }
    },
    "core-util-is": {
      "version": "https://registry.npm.taobao.org/core-util-is/download/core-util-is-1.0.2.tgz",
      "integrity": "sha1-tf1UIgqivFq1eqtxQMlAdUUDwac="
    },
    "css-select": {
      "version": "https://registry.npmjs.org/css-select/-/css-select-1.2.0.tgz",
      "integrity": "sha1-KzoRBTnFNV8c2NMUYj6HCxIeyFg=",
      "requires": {
        "boolbase": "https://registry.npmjs.org/boolbase/-/boolbase-1.0.0.tgz",
        "css-what": "https://registry.npmjs.org/css-what/-/css-what-2.1.2.tgz",
        "domutils": "https://registry.npmjs.org/domutils/-/domutils-1.5.1.tgz",
        "nth-check": "https://registry.npmjs.org/nth-check/-/nth-check-1.0.2.tgz"
      }
    },
    "css-what": {
      "version": "https://registry.npmjs.org/css-what/-/css-what-2.1.2.tgz",
      "integrity": "sha1-wIdtnQSAkn19SSDc1yrzWVZJVU0="
    },
    "dashify": {
      "version": "0.1.0",
      "resolved": "https://registry.npmjs.org/dashify/-/dashify-0.1.0.tgz",
      "integrity": "sha1-EH2vnMpeMm4wqLOf+lBItmhJIuo="
    },
    "data-store": {
      "version": "0.8.2",
      "resolved": "https://registry.npmjs.org/data-store/-/data-store-0.8.2.tgz",
      "integrity": "sha1-jDnIclINB+iVTU/wzy1ztimcXfs=",
      "requires": {
        "collection-visit": "0.1.1",
        "component-emitter": "1.2.1",
        "extend-shallow": "https://registry.npmjs.org/extend-shallow/-/extend-shallow-2.0.1.tgz",
        "get-value": "1.3.1",
        "graceful-fs": "4.1.15",
        "has-own-deep": "0.1.4",
        "has-value": "0.2.1",
        "kind-of": "2.0.1",
        "lazy-cache": "0.2.7",
        "mkdirp": "https://registry.npmjs.org/mkdirp/-/mkdirp-0.5.1.tgz",
        "object.omit": "2.0.1",
        "rimraf": "2.6.3",
        "set-value": "0.2.0",
        "union-value": "0.1.1"
      },
      "dependencies": {
        "kind-of": {
          "version": "2.0.1",
          "resolved": "https://registry.npmjs.org/kind-of/-/kind-of-2.0.1.tgz",
          "integrity": "sha1-AY7HpM5+OobLkUG+UZ0kyPqpgbU=",
          "requires": {
            "is-buffer": "https://registry.npmjs.org/is-buffer/-/is-buffer-1.1.6.tgz"
          }
        },
        "lazy-cache": {
          "version": "0.2.7",
          "resolved": "https://registry.npmjs.org/lazy-cache/-/lazy-cache-0.2.7.tgz",
          "integrity": "sha1-f+3fLctu23fRHvHRF6tf/fCrG2U="
        }
      }
    },
    "delegate": {
      "version": "https://registry.npmjs.org/delegate/-/delegate-3.2.0.tgz",
      "integrity": "sha1-tmtxwxWFIuirV0T3INjKDCr1kWY="
    },
    "diacritics-map": {
      "version": "https://registry.npmjs.org/diacritics-map/-/diacritics-map-0.1.0.tgz",
      "integrity": "sha1-bfwP+dAQAKLt8oZTccrDFulJd68="
    },
    "dom-serializer": {
      "version": "https://registry.npmjs.org/dom-serializer/-/dom-serializer-0.1.0.tgz",
      "integrity": "sha1-BzxpdUbOB4DOI75KKOKT5AvDDII=",
      "requires": {
        "domelementtype": "https://registry.npmjs.org/domelementtype/-/domelementtype-1.1.3.tgz",
        "entities": "https://registry.npmjs.org/entities/-/entities-1.1.2.tgz"
      },
      "dependencies": {
        "domelementtype": {
          "version": "https://registry.npmjs.org/domelementtype/-/domelementtype-1.1.3.tgz",
          "integrity": "sha1-vSh3PiZCiBrsUVRJJCmcXNgiGFs="
        }
      }
    },
    "domelementtype": {
      "version": "https://registry.npmjs.org/domelementtype/-/domelementtype-1.3.1.tgz",
      "integrity": "sha1-0EjESzew0Qp/Kj1f7j9DM9eQSB8="
    },
    "domhandler": {
      "version": "https://registry.npmjs.org/domhandler/-/domhandler-2.4.2.tgz",
      "integrity": "sha1-iAUJfpM9ZehVRvcm1g9euItE+AM=",
      "requires": {
        "domelementtype": "https://registry.npmjs.org/domelementtype/-/domelementtype-1.3.1.tgz"
      }
    },
    "domutils": {
      "version": "https://registry.npmjs.org/domutils/-/domutils-1.5.1.tgz",
      "integrity": "sha1-3NhIiib1Y9YQeeSMn3t+Mjc2gs8=",
      "requires": {
        "dom-serializer": "https://registry.npmjs.org/dom-serializer/-/dom-serializer-0.1.0.tgz",
        "domelementtype": "https://registry.npmjs.org/domelementtype/-/domelementtype-1.3.1.tgz"
      }
    },
    "ebook-convert": {
      "version": "2.0.1",
      "resolved": "https://registry.npmjs.org/ebook-convert/-/ebook-convert-2.0.1.tgz",
      "integrity": "sha1-M+0WQ4ALPRfOZikQCljxAPHqSyo=",
      "requires": {
        "command-exists": "1.2.8",
        "to-flags": "0.2.0",
        "xtend": "4.0.1"
      }
    },
    "entities": {
      "version": "https://registry.npmjs.org/entities/-/entities-1.1.2.tgz",
      "integrity": "sha1-vfpzUplmTfr9NFKe1PhSKidf6lY="
    },
    "esprima": {
      "version": "https://registry.npmjs.org/esprima/-/esprima-4.0.1.tgz",
      "integrity": "sha1-E7BM2z5sXRnfkatph6hpVhmwqnE="
    },
    "expand-object": {
      "version": "0.3.8",
      "resolved": "https://registry.npmjs.org/expand-object/-/expand-object-0.3.8.tgz",
      "integrity": "sha1-Dn0Z/Ud1lxpeIpdT3tG1ijSk1y4=",
      "requires": {
        "data-store": "0.8.2",
        "get-stdin": "4.0.1",
        "is-number": "https://registry.npmjs.org/is-number/-/is-number-2.1.0.tgz",
        "minimist": "1.2.0",
        "set-value": "0.2.0"
      },
      "dependencies": {
        "minimist": {
          "version": "1.2.0",
          "resolved": "https://registry.npmjs.org/minimist/-/minimist-1.2.0.tgz",
          "integrity": "sha1-o1AIsg9BOD7sH7kU9M1d95omQoQ="
        }
      }
    },
    "expand-range": {
      "version": "https://registry.npmjs.org/expand-range/-/expand-range-1.8.2.tgz",
      "integrity": "sha1-opnv/TNf4nIeuujiV+x5ZE/IUzc=",
      "requires": {
        "fill-range": "https://registry.npmjs.org/fill-range/-/fill-range-2.2.4.tgz"
      }
    },
    "extend-shallow": {
      "version": "https://registry.npmjs.org/extend-shallow/-/extend-shallow-2.0.1.tgz",
      "integrity": "sha1-Ua99YUrZqfYQ6huvu5idaxxWiQ8=",
      "requires": {
        "is-extendable": "https://registry.npmjs.org/is-extendable/-/is-extendable-0.1.1.tgz"
      }
    },
    "fill-range": {
      "version": "https://registry.npmjs.org/fill-range/-/fill-range-2.2.4.tgz",
      "integrity": "sha1-6x53OrsFbc2N8r/favWbizqTZWU=",
      "requires": {
        "is-number": "https://registry.npmjs.org/is-number/-/is-number-2.1.0.tgz",
        "isobject": "https://registry.npmjs.org/isobject/-/isobject-2.1.0.tgz",
        "randomatic": "https://registry.npmjs.org/randomatic/-/randomatic-3.1.1.tgz",
        "repeat-element": "https://registry.npmjs.org/repeat-element/-/repeat-element-1.1.3.tgz",
        "repeat-string": "https://registry.npmjs.org/repeat-string/-/repeat-string-1.6.1.tgz"
      }
    },
    "for-in": {
      "version": "https://registry.npmjs.org/for-in/-/for-in-1.0.2.tgz",
      "integrity": "sha1-gQaNKVqBQuwKxybG4iAMMPttXoA="
    },
    "for-own": {
      "version": "0.1.5",
      "resolved": "https://registry.npmjs.org/for-own/-/for-own-0.1.5.tgz",
      "integrity": "sha1-UmXGgaTylNq78XyVCbZ2OqhFEM4=",
      "requires": {
        "for-in": "https://registry.npmjs.org/for-in/-/for-in-1.0.2.tgz"
      }
    },
    "fs.realpath": {
      "version": "1.0.0",
      "resolved": "https://registry.npmjs.org/fs.realpath/-/fs.realpath-1.0.0.tgz",
      "integrity": "sha1-FQStJSMVjKpA20onh8sBQRmU6k8="
    },
    "get-stdin": {
      "version": "4.0.1",
      "resolved": "https://registry.npmjs.org/get-stdin/-/get-stdin-4.0.1.tgz",
      "integrity": "sha1-uWjGsKBDhDJJAui/Gl3zJXmkUP4="
    },
    "get-value": {
      "version": "1.3.1",
      "resolved": "https://registry.npmjs.org/get-value/-/get-value-1.3.1.tgz",
      "integrity": "sha1-isfvTyA4I5KyZGVI+bmtLcbIlkI=",
      "requires": {
        "arr-flatten": "1.1.0",
        "is-extendable": "https://registry.npmjs.org/is-extendable/-/is-extendable-0.1.1.tgz",
        "lazy-cache": "0.2.7",
        "noncharacters": "1.1.0"
      },
      "dependencies": {
        "lazy-cache": {
          "version": "0.2.7",
          "resolved": "https://registry.npmjs.org/lazy-cache/-/lazy-cache-0.2.7.tgz",
          "integrity": "sha1-f+3fLctu23fRHvHRF6tf/fCrG2U="
        }
      }
    },
    "gitbook-plugin-baidu": {
      "version": "https://registry.npmjs.org/gitbook-plugin-baidu/-/gitbook-plugin-baidu-0.1.0.tgz",
      "integrity": "sha1-zo5SBy+T91pGZwvILciOwHJCnnY="
    },
    "gitbook-plugin-busuanzi": {
      "version": "https://registry.npmjs.org/gitbook-plugin-busuanzi/-/gitbook-plugin-busuanzi-0.0.3.tgz",
      "integrity": "sha1-j6ogddh4N8emMmy5Z5Edumychu8="
    },
    "gitbook-plugin-disqus": {
      "version": "https://registry.npmjs.org/gitbook-plugin-disqus/-/gitbook-plugin-disqus-0.1.0.tgz",
      "integrity": "sha1-9gNfnEmHz1/JGA4FpkQ1pngpatY="
    },
    "gitbook-plugin-editlink": {
      "version": "https://registry.npmjs.org/gitbook-plugin-editlink/-/gitbook-plugin-editlink-1.0.2.tgz",
      "integrity": "sha1-ej2Bk/guYfCUF83w52h2MfW2GV4="
    },
    "gitbook-plugin-fontsettings": {
      "version": "https://registry.npmjs.org/gitbook-plugin-fontsettings/-/gitbook-plugin-fontsettings-2.0.0.tgz",
      "integrity": "sha1-g1+QCuPdERCG/n7UQl7j3gJIYas="
    },
    "gitbook-plugin-ghcomment": {
      "version": "https://registry.npmjs.org/gitbook-plugin-ghcomment/-/gitbook-plugin-ghcomment-0.1.2.tgz",
      "integrity": "sha1-tUTDKS6XBeUrjt4AdNNS2d4OS4w="
    },
    "gitbook-plugin-github": {
      "version": "https://registry.npmjs.org/gitbook-plugin-github/-/gitbook-plugin-github-2.0.0.tgz",
      "integrity": "sha1-UWbnY8/MQC1DKIC3pshcHFS1ao0="
    },
    "gitbook-plugin-links": {
      "version": "https://registry.npmjs.org/gitbook-plugin-links/-/gitbook-plugin-links-3.0.1.tgz",
      "integrity": "sha1-qTCYZL7wTeWx289Np/X4e3S//GM="
    },
    "gitbook-plugin-myseo": {
      "version": "https://registry.npmjs.org/gitbook-plugin-myseo/-/gitbook-plugin-myseo-1.1.2.tgz",
      "integrity": "sha1-6wu/moyV1IxzSb8z2AZimzq5JCI=",
      "requires": {
        "html-entities": "https://registry.npmjs.org/html-entities/-/html-entities-1.2.1.tgz"
      }
    },
    "gitbook-plugin-page-footer-copyright": {
      "version": "https://registry.npmjs.org/gitbook-plugin-page-footer-copyright/-/gitbook-plugin-page-footer-copyright-0.0.1.tgz",
      "integrity": "sha1-oITe4i3oVxaMiOLmvdesDeQqz5Y="
    },
    "gitbook-plugin-prism": {
      "version": "https://registry.npmjs.org/gitbook-plugin-prism/-/gitbook-plugin-prism-2.4.0.tgz",
      "integrity": "sha1-QSjiy/pMjEYQ6O0zAFbCScXOsuk=",
      "requires": {
        "cheerio": "https://registry.npmjs.org/cheerio/-/cheerio-0.22.0.tgz",
        "mkdirp": "https://registry.npmjs.org/mkdirp/-/mkdirp-0.5.1.tgz",
        "prismjs": "https://registry.npmjs.org/prismjs/-/prismjs-1.15.0.tgz"
      }
    },
    "gitbook-plugin-prism-themes": {
      "version": "https://registry.npmjs.org/gitbook-plugin-prism-themes/-/gitbook-plugin-prism-themes-0.0.2.tgz",
      "integrity": "sha1-/wUs4wfss3G4/3dizGoCZXWlSko=",
      "requires": {
        "prism-themes": "https://registry.npmjs.org/prism-themes/-/prism-themes-1.0.1.tgz"
      }
    },
    "gitbook-plugin-simple-page-toc": {
      "version": "https://registry.npmjs.org/gitbook-plugin-simple-page-toc/-/gitbook-plugin-simple-page-toc-0.1.2.tgz",
      "integrity": "sha1-jpBMYlbPKuXlDAyl/JtEdZCZKL0=",
      "requires": {
        "markdown-toc": "https://registry.npmjs.org/markdown-toc/-/markdown-toc-1.2.0.tgz"
      }
    },
    "gitbook-plugin-sitemap": {
      "version": "https://registry.npmjs.org/gitbook-plugin-sitemap/-/gitbook-plugin-sitemap-1.2.0.tgz",
      "integrity": "sha1-hneZN1C5ZYOMkG/nz8CiB8DQbcs=",
      "requires": {
        "sitemap": "https://registry.npmjs.org/sitemap/-/sitemap-1.5.0.tgz"
      }
    },
    "gitbook-plugin-splitter": {
      "version": "https://registry.npmjs.org/gitbook-plugin-splitter/-/gitbook-plugin-splitter-0.0.8.tgz",
      "integrity": "sha1-8rBRMGD8kma0awQYLk7KHUtx+vw="
    },
    "gitbook-plugin-tbfed-pagefooter": {
      "version": "https://registry.npmjs.org/gitbook-plugin-tbfed-pagefooter/-/gitbook-plugin-tbfed-pagefooter-0.0.1.tgz",
      "integrity": "sha1-Fu54QGLdhQQmTEd+h2X8ScQb7T0=",
      "requires": {
        "moment": "https://registry.npmjs.org/moment/-/moment-2.23.0.tgz"
      }
    },
    "glob": {
      "version": "7.1.3",
      "resolved": "https://registry.npmjs.org/glob/-/glob-7.1.3.tgz",
      "integrity": "sha512-vcfuiIxogLV4DlGBHIUOwI0IbrJ8HWPc4MU7HzviGeNho/UJDfi6B5p3sHeWIQ0KGIU0Jpxi5ZHxemQfLkkAwQ==",
      "requires": {
        "fs.realpath": "1.0.0",
        "inflight": "1.0.6",
        "inherits": "https://registry.npmjs.org/inherits/-/inherits-2.0.3.tgz",
        "minimatch": "3.0.4",
        "once": "1.4.0",
        "path-is-absolute": "1.0.1"
      }
    },
    "good-listener": {
      "version": "https://registry.npmjs.org/good-listener/-/good-listener-1.2.2.tgz",
      "integrity": "sha1-1TswzfkxPf+33JoNR3CWqm0UXFA=",
      "requires": {
        "delegate": "https://registry.npmjs.org/delegate/-/delegate-3.2.0.tgz"
      }
    },
    "graceful-fs": {
      "version": "4.1.15",
      "resolved": "https://registry.npmjs.org/graceful-fs/-/graceful-fs-4.1.15.tgz",
      "integrity": "sha512-6uHUhOPEBgQ24HM+r6b/QwWfZq+yiFcipKFrOFiBEnWdy5sdzYoi+pJeQaPI5qOLRFqWmAXUPQNsielzdLoecA=="
    },
    "gray-matter": {
      "version": "https://registry.npmjs.org/gray-matter/-/gray-matter-2.1.1.tgz",
      "integrity": "sha1-MELZrewqHe1qdwep7SOA+KF6Qw4=",
      "requires": {
        "ansi-red": "https://registry.npmjs.org/ansi-red/-/ansi-red-0.1.1.tgz",
        "coffee-script": "https://registry.npmjs.org/coffee-script/-/coffee-script-1.12.7.tgz",
        "extend-shallow": "https://registry.npmjs.org/extend-shallow/-/extend-shallow-2.0.1.tgz",
        "js-yaml": "https://registry.npmjs.org/js-yaml/-/js-yaml-3.12.1.tgz",
        "toml": "https://registry.npmjs.org/toml/-/toml-2.3.5.tgz"
      }
    },
    "has-own-deep": {
      "version": "0.1.4",
      "resolved": "https://registry.npmjs.org/has-own-deep/-/has-own-deep-0.1.4.tgz",
      "integrity": "sha1-kesM2ieAgxWPgEKigxZDTpr+eHY="
    },
    "has-value": {
      "version": "0.2.1",
      "resolved": "https://registry.npmjs.org/has-value/-/has-value-0.2.1.tgz",
      "integrity": "sha1-27FNoUDUKai81PCJvBkPfbML73A=",
      "requires": {
        "get-value": "2.0.6",
        "has-values": "0.1.4"
      },
      "dependencies": {
        "get-value": {
          "version": "2.0.6",
          "resolved": "https://registry.npmjs.org/get-value/-/get-value-2.0.6.tgz",
          "integrity": "sha1-3BXKHGcjh8p2vTesCjlbogQqLCg="
        }
      }
    },
    "has-values": {
      "version": "0.1.4",
      "resolved": "https://registry.npmjs.org/has-values/-/has-values-0.1.4.tgz",
      "integrity": "sha1-bWHeldkd/Km5oCCJrThL/49it3E="
    },
    "html-entities": {
      "version": "https://registry.npmjs.org/html-entities/-/html-entities-1.2.1.tgz",
      "integrity": "sha1-DfKTUfByEWNRXfueVUPl9u7VFi8="
    },
    "htmlparser2": {
      "version": "https://registry.npmjs.org/htmlparser2/-/htmlparser2-3.10.0.tgz",
      "integrity": "sha1-X15CLc9hGcDZg+02Jgzp3tC+5GQ=",
      "requires": {
        "domelementtype": "https://registry.npmjs.org/domelementtype/-/domelementtype-1.3.1.tgz",
        "domhandler": "https://registry.npmjs.org/domhandler/-/domhandler-2.4.2.tgz",
        "domutils": "https://registry.npmjs.org/domutils/-/domutils-1.5.1.tgz",
        "entities": "https://registry.npmjs.org/entities/-/entities-1.1.2.tgz",
        "inherits": "https://registry.npmjs.org/inherits/-/inherits-2.0.3.tgz",
        "readable-stream": "https://registry.npmjs.org/readable-stream/-/readable-stream-3.1.1.tgz"
      }
    },
    "inflight": {
      "version": "1.0.6",
      "resolved": "https://registry.npmjs.org/inflight/-/inflight-1.0.6.tgz",
      "integrity": "sha1-Sb1jMdfQLQwJvJEKEHW6gWW1bfk=",
      "requires": {
        "once": "1.4.0",
        "wrappy": "1.0.2"
      }
    },
    "inherits": {
      "version": "https://registry.npmjs.org/inherits/-/inherits-2.0.3.tgz",
      "integrity": "sha1-Yzwsg+PaQqUC9SRmAiSA9CCCYd4="
    },
    "is-buffer": {
      "version": "https://registry.npmjs.org/is-buffer/-/is-buffer-1.1.6.tgz",
      "integrity": "sha1-76ouqdqg16suoTqXsritUf776L4="
    },
    "is-extendable": {
      "version": "https://registry.npmjs.org/is-extendable/-/is-extendable-0.1.1.tgz",
      "integrity": "sha1-YrEQ4omkcUGOPsNqYX1HLjAd/Ik="
    },
    "is-number": {
      "version": "https://registry.npmjs.org/is-number/-/is-number-2.1.0.tgz",
      "integrity": "sha1-Afy7s5NGOlSPL0ZszhbezknbkI8=",
      "requires": {
        "kind-of": "https://registry.npmjs.org/kind-of/-/kind-of-3.2.2.tgz"
      }
    },
    "is-plain-object": {
      "version": "https://registry.npmjs.org/is-plain-object/-/is-plain-object-2.0.4.tgz",
      "integrity": "sha1-LBY7P6+xtgbZ0Xko8FwqHDjgdnc=",
      "requires": {
        "isobject": "https://registry.npmjs.org/isobject/-/isobject-3.0.1.tgz"
      },
      "dependencies": {
        "isobject": {
          "version": "https://registry.npmjs.org/isobject/-/isobject-3.0.1.tgz",
          "integrity": "sha1-TkMekrEalzFjaqH5yNHMvP2reN8="
        }
      }
    },
    "is-primitive": {
      "version": "2.0.0",
      "resolved": "https://registry.npmjs.org/is-primitive/-/is-primitive-2.0.0.tgz",
      "integrity": "sha1-IHurkWOEmcB7Kt8kCkGochADRXU="
    },
    "isarray": {
      "version": "https://registry.npm.taobao.org/isarray/download/isarray-1.0.0.tgz",
      "integrity": "sha1-u5NdSFgsuhaMBoNJV6VKPgcSTxE="
    },
    "isobject": {
      "version": "https://registry.npmjs.org/isobject/-/isobject-2.1.0.tgz",
      "integrity": "sha1-8GVWEJaj8dou9GJy+BXIQNh+DIk=",
      "requires": {
        "isarray": "https://registry.npm.taobao.org/isarray/download/isarray-1.0.0.tgz"
      }
    },
    "js-yaml": {
      "version": "https://registry.npmjs.org/js-yaml/-/js-yaml-3.12.1.tgz",
      "integrity": "sha1-KVyGMqGKI+BUz1ydPOyv5ngWdgA=",
      "requires": {
        "argparse": "https://registry.npmjs.org/argparse/-/argparse-1.0.10.tgz",
        "esprima": "https://registry.npmjs.org/esprima/-/esprima-4.0.1.tgz"
      }
    },
    "kind-of": {
      "version": "https://registry.npmjs.org/kind-of/-/kind-of-3.2.2.tgz",
      "integrity": "sha1-MeohpzS6ubuw8yRm2JOupR5KPGQ=",
      "requires": {
        "is-buffer": "https://registry.npmjs.org/is-buffer/-/is-buffer-1.1.6.tgz"
      }
    },
    "lazy-cache": {
      "version": "https://registry.npmjs.org/lazy-cache/-/lazy-cache-2.0.2.tgz",
      "integrity": "sha1-uRkKT5EzVGlIQIWfio9whNiCImQ=",
      "requires": {
        "set-getter": "https://registry.npmjs.org/set-getter/-/set-getter-0.1.0.tgz"
      }
    },
    "list-item": {
      "version": "https://registry.npmjs.org/list-item/-/list-item-1.1.1.tgz",
      "integrity": "sha1-DGXQDih8tmPMs8s4Sad+iewmilY=",
      "requires": {
        "expand-range": "https://registry.npmjs.org/expand-range/-/expand-range-1.8.2.tgz",
        "extend-shallow": "https://registry.npmjs.org/extend-shallow/-/extend-shallow-2.0.1.tgz",
        "is-number": "https://registry.npmjs.org/is-number/-/is-number-2.1.0.tgz",
        "repeat-string": "https://registry.npmjs.org/repeat-string/-/repeat-string-1.6.1.tgz"
      }
    },
    "lodash.assignin": {
      "version": "https://registry.npmjs.org/lodash.assignin/-/lodash.assignin-4.2.0.tgz",
      "integrity": "sha1-uo31+4QesKPoBEIysOJjqNxqKKI="
    },
    "lodash.bind": {
      "version": "https://registry.npmjs.org/lodash.bind/-/lodash.bind-4.2.1.tgz",
      "integrity": "sha1-euMBfpOWIqwxt9fX3LGzTbFpDTU="
    },
    "lodash.defaults": {
      "version": "https://registry.npmjs.org/lodash.defaults/-/lodash.defaults-4.2.0.tgz",
      "integrity": "sha1-0JF4cW/+pN3p5ft7N/bwgCJ0WAw="
    },
    "lodash.filter": {
      "version": "https://registry.npmjs.org/lodash.filter/-/lodash.filter-4.6.0.tgz",
      "integrity": "sha1-ZosdSYFgOuHMWm+nYBQ+SAtMSs4="
    },
    "lodash.flatten": {
      "version": "https://registry.npmjs.org/lodash.flatten/-/lodash.flatten-4.4.0.tgz",
      "integrity": "sha1-8xwiIlqWMtK7+OSt2+8kCqdlph8="
    },
    "lodash.foreach": {
      "version": "https://registry.npmjs.org/lodash.foreach/-/lodash.foreach-4.5.0.tgz",
      "integrity": "sha1-Gmo16s5AEoDH8G3d7DUWWrJ+PlM="
    },
    "lodash.map": {
      "version": "https://registry.npmjs.org/lodash.map/-/lodash.map-4.6.0.tgz",
      "integrity": "sha1-dx7Hg540c9nEzeKLGTlMNWL09tM="
    },
    "lodash.merge": {
      "version": "https://registry.npmjs.org/lodash.merge/-/lodash.merge-4.6.1.tgz",
      "integrity": "sha1-rcJdnLmbk5HFliTzefu6YNcRHVQ="
    },
    "lodash.pick": {
      "version": "https://registry.npmjs.org/lodash.pick/-/lodash.pick-4.4.0.tgz",
      "integrity": "sha1-UvBWEP/53tQiYRRB7R/BI6AwAbM="
    },
    "lodash.reduce": {
      "version": "https://registry.npmjs.org/lodash.reduce/-/lodash.reduce-4.6.0.tgz",
      "integrity": "sha1-8atrg5KZrUj3hKu/R2WW8DuRTTs="
    },
    "lodash.reject": {
      "version": "https://registry.npmjs.org/lodash.reject/-/lodash.reject-4.6.0.tgz",
      "integrity": "sha1-gNZJLcFHCGS79YNTO2UfQqn1JBU="
    },
    "lodash.some": {
      "version": "https://registry.npmjs.org/lodash.some/-/lodash.some-4.6.0.tgz",
      "integrity": "sha1-G7nzFO9ri63tE7VJFpsqlF62jk0="
    },
    "map-visit": {
      "version": "0.1.5",
      "resolved": "https://registry.npmjs.org/map-visit/-/map-visit-0.1.5.tgz",
      "integrity": "sha1-2+Q5J85VJbgN/BVzpE1oxR8mgWs=",
      "requires": {
        "lazy-cache": "https://registry.npmjs.org/lazy-cache/-/lazy-cache-2.0.2.tgz",
        "object-visit": "0.3.4"
      },
      "dependencies": {
        "object-visit": {
          "version": "0.3.4",
          "resolved": "https://registry.npmjs.org/object-visit/-/object-visit-0.3.4.tgz",
          "integrity": "sha1-rhXPhvCy/dVRdxY2RIRSxUw9qCk=",
          "requires": {
            "isobject": "https://registry.npmjs.org/isobject/-/isobject-2.1.0.tgz"
          }
        }
      }
    },
    "markdown-link": {
      "version": "https://registry.npmjs.org/markdown-link/-/markdown-link-0.1.1.tgz",
      "integrity": "sha1-MsXGUZmmRXMWMi0eQinRNAfIx88="
    },
    "markdown-toc": {
      "version": "https://registry.npmjs.org/markdown-toc/-/markdown-toc-1.2.0.tgz",
      "integrity": "sha1-RKFWBoREkDFK/ARESD+eexEiwzk=",
      "requires": {
        "concat-stream": "https://registry.npmjs.org/concat-stream/-/concat-stream-1.6.2.tgz",
        "diacritics-map": "https://registry.npmjs.org/diacritics-map/-/diacritics-map-0.1.0.tgz",
        "gray-matter": "https://registry.npmjs.org/gray-matter/-/gray-matter-2.1.1.tgz",
        "lazy-cache": "https://registry.npmjs.org/lazy-cache/-/lazy-cache-2.0.2.tgz",
        "list-item": "https://registry.npmjs.org/list-item/-/list-item-1.1.1.tgz",
        "markdown-link": "https://registry.npmjs.org/markdown-link/-/markdown-link-0.1.1.tgz",
        "minimist": "https://registry.npm.taobao.org/minimist/download/minimist-1.2.0.tgz",
        "mixin-deep": "https://registry.npmjs.org/mixin-deep/-/mixin-deep-1.3.1.tgz",
        "object.pick": "https://registry.npmjs.org/object.pick/-/object.pick-1.3.0.tgz",
        "remarkable": "https://registry.npmjs.org/remarkable/-/remarkable-1.7.1.tgz",
        "repeat-string": "https://registry.npmjs.org/repeat-string/-/repeat-string-1.6.1.tgz",
        "strip-color": "https://registry.npmjs.org/strip-color/-/strip-color-0.1.0.tgz"
      },
      "dependencies": {
        "minimist": {
          "version": "https://registry.npm.taobao.org/minimist/download/minimist-1.2.0.tgz",
          "integrity": "sha1-o1AIsg9BOD7sH7kU9M1d95omQoQ="
        }
      }
    },
    "math-random": {
      "version": "https://registry.npmjs.org/math-random/-/math-random-1.0.4.tgz",
      "integrity": "sha1-XdaUPJOFSCZwFtTjTwV1gwgMUUw="
    },
    "minimatch": {
      "version": "3.0.4",
      "resolved": "https://registry.npmjs.org/minimatch/-/minimatch-3.0.4.tgz",
      "integrity": "sha512-yJHVQEhyqPLUTgt9B83PXu6W3rx4MvvHvSUvToogpwoGDOUQ+yDrR0HRot+yOCdCO7u4hX3pWft6kWBBcqh0UA==",
      "requires": {
        "brace-expansion": "1.1.11"
      }
    },
    "minimist": {
      "version": "https://registry.npmjs.org/minimist/-/minimist-0.0.8.tgz",
      "integrity": "sha1-hX/Kv8M5fSYluCKCYuhqp6ARsF0="
    },
    "mixin-deep": {
      "version": "https://registry.npmjs.org/mixin-deep/-/mixin-deep-1.3.1.tgz",
      "integrity": "sha1-pJ5yaNzhoNlpjkUybFYm3zVD0P4=",
      "requires": {
        "for-in": "https://registry.npmjs.org/for-in/-/for-in-1.0.2.tgz",
        "is-extendable": "https://registry.npmjs.org/is-extendable/-/is-extendable-1.0.1.tgz"
      },
      "dependencies": {
        "is-extendable": {
          "version": "https://registry.npmjs.org/is-extendable/-/is-extendable-1.0.1.tgz",
          "integrity": "sha1-p0cPnkJnM9gb2B4RVSZOOjUHyrQ=",
          "requires": {
            "is-plain-object": "https://registry.npmjs.org/is-plain-object/-/is-plain-object-2.0.4.tgz"
          }
        }
      }
    },
    "mkdirp": {
      "version": "https://registry.npmjs.org/mkdirp/-/mkdirp-0.5.1.tgz",
      "integrity": "sha1-MAV0OOrGz3+MR2fzhkjWaX11yQM=",
      "requires": {
        "minimist": "https://registry.npmjs.org/minimist/-/minimist-0.0.8.tgz"
      }
    },
    "moment": {
      "version": "https://registry.npmjs.org/moment/-/moment-2.23.0.tgz",
      "integrity": "sha1-dZ6kkayX1UusWtd2mW4qWMwbwiU="
    },
    "noncharacters": {
      "version": "1.1.0",
      "resolved": "https://registry.npmjs.org/noncharacters/-/noncharacters-1.1.0.tgz",
      "integrity": "sha1-rzPfMP1Q7TxTzSAiWPJa2pC1QNI="
    },
    "nth-check": {
      "version": "https://registry.npmjs.org/nth-check/-/nth-check-1.0.2.tgz",
      "integrity": "sha1-sr0pXDfj3VijvwcAN2Zjuk2c8Fw=",
      "requires": {
        "boolbase": "https://registry.npmjs.org/boolbase/-/boolbase-1.0.0.tgz"
      }
    },
    "object-visit": {
      "version": "0.1.0",
      "resolved": "https://registry.npmjs.org/object-visit/-/object-visit-0.1.0.tgz",
      "integrity": "sha1-sbtnSfIo7nbgxC84UdKKFNIzziY=",
      "requires": {
        "isobject": "1.0.2"
      },
      "dependencies": {
        "isobject": {
          "version": "1.0.2",
          "resolved": "https://registry.npmjs.org/isobject/-/isobject-1.0.2.tgz",
          "integrity": "sha1-8Pm4zpLdVA+gdAiC44NaLgIux4o="
        }
      }
    },
    "object.omit": {
      "version": "2.0.1",
      "resolved": "https://registry.npmjs.org/object.omit/-/object.omit-2.0.1.tgz",
      "integrity": "sha1-Gpx0SCnznbuFjHbKNXmuKlTr0fo=",
      "requires": {
        "for-own": "0.1.5",
        "is-extendable": "https://registry.npmjs.org/is-extendable/-/is-extendable-0.1.1.tgz"
      }
    },
    "object.pick": {
      "version": "https://registry.npmjs.org/object.pick/-/object.pick-1.3.0.tgz",
      "integrity": "sha1-h6EKxMFpS9Lhy/U1kaZhQftd10c=",
      "requires": {
        "isobject": "https://registry.npmjs.org/isobject/-/isobject-3.0.1.tgz"
      },
      "dependencies": {
        "isobject": {
          "version": "https://registry.npmjs.org/isobject/-/isobject-3.0.1.tgz",
          "integrity": "sha1-TkMekrEalzFjaqH5yNHMvP2reN8="
        }
      }
    },
    "once": {
      "version": "1.4.0",
      "resolved": "https://registry.npmjs.org/once/-/once-1.4.0.tgz",
      "integrity": "sha1-WDsap3WWHUsROsF9nFC6753Xa9E=",
      "requires": {
        "wrappy": "1.0.2"
      }
    },
    "path-is-absolute": {
      "version": "1.0.1",
      "resolved": "https://registry.npmjs.org/path-is-absolute/-/path-is-absolute-1.0.1.tgz",
      "integrity": "sha1-F0uSaHNVNP+8es5r9TpanhtcX18="
    },
    "prism-themes": {
      "version": "https://registry.npmjs.org/prism-themes/-/prism-themes-1.0.1.tgz",
      "integrity": "sha1-jmiXIXb15PvAhZzY6UdKC7+vLkE="
    },
    "prismjs": {
      "version": "https://registry.npmjs.org/prismjs/-/prismjs-1.15.0.tgz",
      "integrity": "sha1-iAHTMuRyCRuo3vlJdsiHetYDmNk=",
      "requires": {
        "clipboard": "https://registry.npmjs.org/clipboard/-/clipboard-2.0.4.tgz"
      }
    },
    "process-nextick-args": {
      "version": "https://registry.npmjs.org/process-nextick-args/-/process-nextick-args-2.0.0.tgz",
      "integrity": "sha1-o31zL0JxtKsa0HDTVQjoKQeI/6o="
    },
    "randomatic": {
      "version": "https://registry.npmjs.org/randomatic/-/randomatic-3.1.1.tgz",
      "integrity": "sha1-t3bvxZN1mE42xTey9RofCv8Noe0=",
      "requires": {
        "is-number": "https://registry.npmjs.org/is-number/-/is-number-4.0.0.tgz",
        "kind-of": "https://registry.npmjs.org/kind-of/-/kind-of-6.0.2.tgz",
        "math-random": "https://registry.npmjs.org/math-random/-/math-random-1.0.4.tgz"
      },
      "dependencies": {
        "is-number": {
          "version": "https://registry.npmjs.org/is-number/-/is-number-4.0.0.tgz",
          "integrity": "sha1-ACbjf1RU1z41bf5lZGmYZ8an8P8="
        },
        "kind-of": {
          "version": "https://registry.npmjs.org/kind-of/-/kind-of-6.0.2.tgz",
          "integrity": "sha1-ARRrNqYhjmTljzqNZt5df8b20FE="
        }
      }
    },
    "readable-stream": {
      "version": "https://registry.npmjs.org/readable-stream/-/readable-stream-3.1.1.tgz",
      "integrity": "sha1-7Wu8bFuliwkAOf8YzmcFFXla6wY=",
      "requires": {
        "inherits": "https://registry.npmjs.org/inherits/-/inherits-2.0.3.tgz",
        "string_decoder": "https://registry.npmjs.org/string_decoder/-/string_decoder-1.2.0.tgz",
        "util-deprecate": "https://registry.npm.taobao.org/util-deprecate/download/util-deprecate-1.0.2.tgz"
      }
    },
    "regex-flags": {
      "version": "0.1.0",
      "resolved": "https://registry.npmjs.org/regex-flags/-/regex-flags-0.1.0.tgz",
      "integrity": "sha1-NEJ5hCj6rtU7DP7ef1cEQRDtHpQ=",
      "requires": {
        "kind-of": "2.0.1"
      },
      "dependencies": {
        "kind-of": {
          "version": "2.0.1",
          "resolved": "https://registry.npmjs.org/kind-of/-/kind-of-2.0.1.tgz",
          "integrity": "sha1-AY7HpM5+OobLkUG+UZ0kyPqpgbU=",
          "requires": {
            "is-buffer": "https://registry.npmjs.org/is-buffer/-/is-buffer-1.1.6.tgz"
          }
        }
      }
    },
    "remarkable": {
      "version": "https://registry.npmjs.org/remarkable/-/remarkable-1.7.1.tgz",
      "integrity": "sha1-qspJchALZqZCpjoQIcpLrBvjv/Y=",
      "requires": {
        "argparse": "https://registry.npmjs.org/argparse/-/argparse-0.1.16.tgz",
        "autolinker": "https://registry.npmjs.org/autolinker/-/autolinker-0.15.3.tgz"
      },
      "dependencies": {
        "argparse": {
          "version": "https://registry.npmjs.org/argparse/-/argparse-0.1.16.tgz",
          "integrity": "sha1-z9AeD7uj1srtBJ+9dY1A9lGW9Xw=",
          "requires": {
            "underscore": "https://registry.npmjs.org/underscore/-/underscore-1.7.0.tgz",
            "underscore.string": "https://registry.npmjs.org/underscore.string/-/underscore.string-2.4.0.tgz"
          }
        },
        "underscore": {
          "version": "https://registry.npmjs.org/underscore/-/underscore-1.7.0.tgz",
          "integrity": "sha1-a7rwh3UA02vjTsqlhODbn+8DUgk="
        }
      }
    },
    "repeat-element": {
      "version": "https://registry.npmjs.org/repeat-element/-/repeat-element-1.1.3.tgz",
      "integrity": "sha1-eC4NglwMWjuzlzH4Tv7mt0Lmsc4="
    },
    "repeat-string": {
      "version": "https://registry.npmjs.org/repeat-string/-/repeat-string-1.6.1.tgz",
      "integrity": "sha1-jcrkcOHIirwtYA//Sndihtp15jc="
    },
    "rimraf": {
      "version": "2.6.3",
      "resolved": "https://registry.npmjs.org/rimraf/-/rimraf-2.6.3.tgz",
      "integrity": "sha512-mwqeW5XsA2qAejG46gYdENaxXjx9onRNCfn7L0duuP4hCuTIi/QO7PDK07KJfp1d+izWPrzEJDcSqBa0OZQriA==",
      "requires": {
        "glob": "7.1.3"
      }
    },
    "safe-buffer": {
      "version": "https://registry.npmjs.org/safe-buffer/-/safe-buffer-5.1.2.tgz",
      "integrity": "sha1-mR7GnSluAxN0fVm9/St0XDX4go0="
    },
    "select": {
      "version": "https://registry.npmjs.org/select/-/select-1.1.2.tgz",
      "integrity": "sha1-DnNQrN7ICxEIUoeG7B1EGNEbOW0="
    },
    "set-getter": {
      "version": "https://registry.npmjs.org/set-getter/-/set-getter-0.1.0.tgz",
      "integrity": "sha1-12nBgsnVpR9AkUXy+6guXoboA3Y=",
      "requires": {
        "to-object-path": "https://registry.npmjs.org/to-object-path/-/to-object-path-0.3.0.tgz"
      }
    },
    "set-value": {
      "version": "0.2.0",
      "resolved": "https://registry.npmjs.org/set-value/-/set-value-0.2.0.tgz",
      "integrity": "sha1-c7CmglwVjGoWqCu9yVd1vyqCX6s=",
      "requires": {
        "isobject": "1.0.2",
        "noncharacters": "1.1.0"
      },
      "dependencies": {
        "isobject": {
          "version": "1.0.2",
          "resolved": "https://registry.npmjs.org/isobject/-/isobject-1.0.2.tgz",
          "integrity": "sha1-8Pm4zpLdVA+gdAiC44NaLgIux4o="
        }
      }
    },
    "sitemap": {
      "version": "https://registry.npmjs.org/sitemap/-/sitemap-1.5.0.tgz",
      "integrity": "sha1-RbPoib96XbDvvyxMb8sVbKh+EgE=",
      "requires": {
        "underscore": "https://registry.npmjs.org/underscore/-/underscore-1.9.1.tgz",
        "url-join": "https://registry.npmjs.org/url-join/-/url-join-0.0.1.tgz"
      }
    },
    "sprintf-js": {
      "version": "https://registry.npmjs.org/sprintf-js/-/sprintf-js-1.0.3.tgz",
      "integrity": "sha1-BOaSb2YolTVPPdAVIDYzuFcpfiw="
    },
    "string_decoder": {
      "version": "https://registry.npmjs.org/string_decoder/-/string_decoder-1.2.0.tgz",
      "integrity": "sha1-/obnOLGVRK/nBGkkOyoe6SQOro0=",
      "requires": {
        "safe-buffer": "https://registry.npmjs.org/safe-buffer/-/safe-buffer-5.1.2.tgz"
      }
    },
    "strip-color": {
      "version": "https://registry.npmjs.org/strip-color/-/strip-color-0.1.0.tgz",
      "integrity": "sha1-EG9l09PmotlAHKwOsM6LinArT3s="
    },
    "tiny-emitter": {
      "version": "https://registry.npmjs.org/tiny-emitter/-/tiny-emitter-2.0.2.tgz",
      "integrity": "sha1-gtJ0aKylrejl/R5tIrV91D69+3w="
    },
    "to-flag": {
      "version": "1.0.0",
      "resolved": "https://registry.npmjs.org/to-flag/-/to-flag-1.0.0.tgz",
      "integrity": "sha1-//617zNX88XmTP0h5+FpjQRMg0s=",
      "requires": {
        "collapse-object": "0.1.0",
        "dashify": "0.1.0",
        "is-primitive": "2.0.0"
      }
    },
    "to-flags": {
      "version": "0.2.0",
      "resolved": "https://registry.npmjs.org/to-flags/-/to-flags-0.2.0.tgz",
      "integrity": "sha1-7BXCii5gIuclfGWWd61NEkhf9L4=",
      "requires": {
        "to-flag": "1.0.0"
      }
    },
    "to-object-path": {
      "version": "https://registry.npmjs.org/to-object-path/-/to-object-path-0.3.0.tgz",
      "integrity": "sha1-KXWIt7Dn4KwI4E5nL4XB9JmeF68=",
      "requires": {
        "kind-of": "https://registry.npmjs.org/kind-of/-/kind-of-3.2.2.tgz"
      }
    },
    "toml": {
      "version": "https://registry.npmjs.org/toml/-/toml-2.3.5.tgz",
      "integrity": "sha1-ofXX9+/TAPpCYljz50N0U2GR49s="
    },
    "typedarray": {
      "version": "https://registry.npmjs.org/typedarray/-/typedarray-0.0.6.tgz",
      "integrity": "sha1-hnrHTjhkGHsdPUfZlqeOxciDB3c="
    },
    "underscore": {
      "version": "https://registry.npmjs.org/underscore/-/underscore-1.9.1.tgz",
      "integrity": "sha1-BtzjSg5op7q8KbNluOdLiSUgOWE="
    },
    "underscore.string": {
      "version": "https://registry.npmjs.org/underscore.string/-/underscore.string-2.4.0.tgz",
      "integrity": "sha1-jN2PusTi0uoefi6Al8QvRCKA+Fs="
    },
    "union-value": {
      "version": "0.1.1",
      "resolved": "https://registry.npmjs.org/union-value/-/union-value-0.1.1.tgz",
      "integrity": "sha1-aSDlkH7uK/8Rt8f7CYuIi/p8xU8=",
      "requires": {
        "arr-union": "3.1.0",
        "get-value": "1.3.1",
        "is-extendable": "https://registry.npmjs.org/is-extendable/-/is-extendable-0.1.1.tgz",
        "set-value": "0.2.0"
      }
    },
    "url-join": {
      "version": "https://registry.npmjs.org/url-join/-/url-join-0.0.1.tgz",
      "integrity": "sha1-HbSK1CLTQCRpqH99l73r/k+x48g="
    },
    "util-deprecate": {
      "version": "https://registry.npm.taobao.org/util-deprecate/download/util-deprecate-1.0.2.tgz",
      "integrity": "sha1-RQ1Nyfpw3nMnYvvS1KKJgUGaDM8="
    },
    "wrappy": {
      "version": "1.0.2",
      "resolved": "https://registry.npmjs.org/wrappy/-/wrappy-1.0.2.tgz",
      "integrity": "sha1-tSQ9jz7BqjXxNkYFvA0QNuMKtp8="
    },
    "xtend": {
      "version": "4.0.1",
      "resolved": "https://registry.npmjs.org/xtend/-/xtend-4.0.1.tgz",
      "integrity": "sha1-pcbVMr5lbiPbgg77lDofBJmNY68="
    }
  }
}
